
Microsoft Visual Studio Solution File, Format Version 12.00
# Visual Studio 15
VisualStudioVersion = 15.0.28307.645
MinimumVisualStudioVersion = 10.0.40219.1
Project("{159641D6-6404-4A2A-AE62-294DE0FE8301}") = "DWH_Projekt", "DWH_Projekt\DWH_Projekt.dtproj", "{5C4B1FED-9102-4FBD-A586-7A8C895FAC4E}"
EndProject
Project("{D2ABAB84-BF74-430A-B69E-9DC6D40DDA17}") = "DWH_SSAS", "DWH_SSAS\DWH_SSAS.dwproj", "{76DDC6D6-83C2-49D0-B477-9C2A91512B29}"
EndProject
Project("{D2ABAB84-BF74-430A-B69E-9DC6D40DDA17}") = "DWH_Analysis_Services", "DWH_Analysis_Services\DWH_Analysis_Services.dwproj", "{8B33C278-70A7-4A01-9E32-4668B08E36CF}"
EndProject
Project("{D2ABAB84-BF74-430A-B69E-9DC6D40DDA17}") = "BIDWH_IS(DESKTOP-VULON5Q\BIDWHSS19)", "<Server=DESKTOP-VULON5Q\BIDWHSS19;Database=BIDWH_IS;>", "{20F76294-B7BF-4B79-9B57-38A2913154A2}"
EndProject
Global
	GlobalSection(SolutionConfigurationPlatforms) = preSolution
		Development|Default = Development|Default
	EndGlobalSection
	GlobalSection(ProjectConfigurationPlatforms) = postSolution
		{5C4B1FED-9102-4FBD-A586-7A8C895FAC4E}.Development|Default.ActiveCfg = Development
		{5C4B1FED-9102-4FBD-A586-7A8C895FAC4E}.Development|Default.Build.0 = Development
		{76DDC6D6-83C2-49D0-B477-9C2A91512B29}.Development|Default.ActiveCfg = Development
		{76DDC6D6-83C2-49D0-B477-9C2A91512B29}.Development|Default.Build.0 = Development
		{76DDC6D6-83C2-49D0-B477-9C2A91512B29}.Development|Default.Deploy.0 = Development
		{8B33C278-70A7-4A01-9E32-4668B08E36CF}.Development|Default.ActiveCfg = Development
		{8B33C278-70A7-4A01-9E32-4668B08E36CF}.Development|Default.Build.0 = Development
		{8B33C278-70A7-4A01-9E32-4668B08E36CF}.Development|Default.Deploy.0 = Development
		{20F76294-B7BF-4B79-9B57-38A2913154A2}.Development|Default.ActiveCfg = Development
	EndGlobalSection
	GlobalSection(SolutionProperties) = preSolution
		HideSolutionNode = FALSE
	EndGlobalSection
	GlobalSection(ExtensibilityGlobals) = postSolution
		SolutionGuid = {2BA89D46-8298-47DE-9954-891FA9F0C045}
	EndGlobalSection
EndGlobal
